
Microsoft Visual Studio Solution File, Format Version 12.00
# Visual Studio 2015
Project("{FAE04EC0-301F-11D3-BF4B-00C04F79EFBC}") = "multiLevelDung - Copy (2).CSharp.Plugins", "multiLevelDung - Copy (2).CSharp.Plugins.csproj", "{AA6E4A95-91C1-FDC9-4955-7BDE2CAD86E4}"
EndProject
Project("{FAE04EC0-301F-11D3-BF4B-00C04F79EFBC}") = "multiLevelDung - Copy (2).CSharp", "multiLevelDung - Copy (2).CSharp.csproj", "{0E09EF62-734D-9F78-FBC6-3EB537C5320A}"
EndProject
Project("{FAE04EC0-301F-11D3-BF4B-00C04F79EFBC}") = "multiLevelDung - Copy (2).CSharp.Editor.Plugins", "multiLevelDung - Copy (2).CSharp.Editor.Plugins.csproj", "{012069FC-48EE-C328-BDCB-938160F6CC9E}"
EndProject
Global
	GlobalSection(SolutionConfigurationPlatforms) = preSolution
		Debug|Any CPU = Debug|Any CPU
		Release|Any CPU = Release|Any CPU
	EndGlobalSection
	GlobalSection(ProjectConfigurationPlatforms) = postSolution
		{AA6E4A95-91C1-FDC9-4955-7BDE2CAD86E4}.Debug|Any CPU.ActiveCfg = Debug|Any CPU
		{AA6E4A95-91C1-FDC9-4955-7BDE2CAD86E4}.Debug|Any CPU.Build.0 = Debug|Any CPU
		{AA6E4A95-91C1-FDC9-4955-7BDE2CAD86E4}.Release|Any CPU.ActiveCfg = Release|Any CPU
		{AA6E4A95-91C1-FDC9-4955-7BDE2CAD86E4}.Release|Any CPU.Build.0 = Release|Any CPU
		{0E09EF62-734D-9F78-FBC6-3EB537C5320A}.Debug|Any CPU.ActiveCfg = Debug|Any CPU
		{0E09EF62-734D-9F78-FBC6-3EB537C5320A}.Debug|Any CPU.Build.0 = Debug|Any CPU
		{0E09EF62-734D-9F78-FBC6-3EB537C5320A}.Release|Any CPU.ActiveCfg = Release|Any CPU
		{0E09EF62-734D-9F78-FBC6-3EB537C5320A}.Release|Any CPU.Build.0 = Release|Any CPU
		{012069FC-48EE-C328-BDCB-938160F6CC9E}.Debug|Any CPU.ActiveCfg = Debug|Any CPU
		{012069FC-48EE-C328-BDCB-938160F6CC9E}.Debug|Any CPU.Build.0 = Debug|Any CPU
		{012069FC-48EE-C328-BDCB-938160F6CC9E}.Release|Any CPU.ActiveCfg = Release|Any CPU
		{012069FC-48EE-C328-BDCB-938160F6CC9E}.Release|Any CPU.Build.0 = Release|Any CPU
	EndGlobalSection
	GlobalSection(SolutionProperties) = preSolution
		HideSolutionNode = FALSE
	EndGlobalSection
EndGlobal
